
Microsoft Visual Studio Solution File, Format Version 12.00
# Visual Studio Version 17
VisualStudioVersion = 17.2.32616.157
MinimumVisualStudioVersion = 10.0.40219.1
Project("{FAE04EC0-301F-11D3-BF4B-00C04F79EFBC}") = "CLIPingScript", "CLIPingScript.csproj", "{606A143F-4D2C-4EC4-ACA2-BAAEC1FD5BCD}"
EndProject
Global
	GlobalSection(SolutionConfigurationPlatforms) = preSolution
		Debug|Any CPU = Debug|Any CPU
		Release|Any CPU = Release|Any CPU
	EndGlobalSection
	GlobalSection(ProjectConfigurationPlatforms) = postSolution
		{606A143F-4D2C-4EC4-ACA2-BAAEC1FD5BCD}.Debug|Any CPU.ActiveCfg = Debug|Any CPU
		{606A143F-4D2C-4EC4-ACA2-BAAEC1FD5BCD}.Debug|Any CPU.Build.0 = Debug|Any CPU
		{606A143F-4D2C-4EC4-ACA2-BAAEC1FD5BCD}.Release|Any CPU.ActiveCfg = Release|Any CPU
		{606A143F-4D2C-4EC4-ACA2-BAAEC1FD5BCD}.Release|Any CPU.Build.0 = Release|Any CPU
	EndGlobalSection
	GlobalSection(SolutionProperties) = preSolution
		HideSolutionNode = FALSE
	EndGlobalSection
	GlobalSection(ExtensibilityGlobals) = postSolution
		SolutionGuid = {7B36D5A4-1868-4FA5-AA2D-7B967FFDB915}
	EndGlobalSection
EndGlobal
